
Microsoft Visual Studio Solution File, Format Version 12.00
# Visual Studio Version 17
VisualStudioVersion = 17.2.32526.322
MinimumVisualStudioVersion = 10.0.40219.1
Project("{FAE04EC0-301F-11D3-BF4B-00C04F79EFBC}") = "PracticalProject.Android", "PracticalProject\PracticalProject.Android\PracticalProject.Android.csproj", "{BCA4D3FA-A02F-4982-8F3E-B65A7ECFBB05}"
EndProject
Project("{FAE04EC0-301F-11D3-BF4B-00C04F79EFBC}") = "PracticalProject", "PracticalProject\PracticalProject\PracticalProject.csproj", "{202C2BD8-D082-4EAD-A076-CF1CA39658A7}"
EndProject
Global
	GlobalSection(SolutionConfigurationPlatforms) = preSolution
		Debug|Any CPU = Debug|Any CPU
		Release|Any CPU = Release|Any CPU
	EndGlobalSection
	GlobalSection(ProjectConfigurationPlatforms) = postSolution
		{BCA4D3FA-A02F-4982-8F3E-B65A7ECFBB05}.Debug|Any CPU.ActiveCfg = Debug|Any CPU
		{BCA4D3FA-A02F-4982-8F3E-B65A7ECFBB05}.Debug|Any CPU.Build.0 = Debug|Any CPU
		{BCA4D3FA-A02F-4982-8F3E-B65A7ECFBB05}.Debug|Any CPU.Deploy.0 = Debug|Any CPU
		{BCA4D3FA-A02F-4982-8F3E-B65A7ECFBB05}.Release|Any CPU.ActiveCfg = Release|Any CPU
		{BCA4D3FA-A02F-4982-8F3E-B65A7ECFBB05}.Release|Any CPU.Build.0 = Release|Any CPU
		{BCA4D3FA-A02F-4982-8F3E-B65A7ECFBB05}.Release|Any CPU.Deploy.0 = Release|Any CPU
		{202C2BD8-D082-4EAD-A076-CF1CA39658A7}.Debug|Any CPU.ActiveCfg = Debug|Any CPU
		{202C2BD8-D082-4EAD-A076-CF1CA39658A7}.Debug|Any CPU.Build.0 = Debug|Any CPU
		{202C2BD8-D082-4EAD-A076-CF1CA39658A7}.Debug|Any CPU.Deploy.0 = Debug|Any CPU
		{202C2BD8-D082-4EAD-A076-CF1CA39658A7}.Release|Any CPU.ActiveCfg = Release|Any CPU
		{202C2BD8-D082-4EAD-A076-CF1CA39658A7}.Release|Any CPU.Build.0 = Release|Any CPU
		{202C2BD8-D082-4EAD-A076-CF1CA39658A7}.Release|Any CPU.Deploy.0 = Release|Any CPU
	EndGlobalSection
	GlobalSection(SolutionProperties) = preSolution
		HideSolutionNode = FALSE
	EndGlobalSection
	GlobalSection(ExtensibilityGlobals) = postSolution
		SolutionGuid = {0A247DB9-7007-4359-89C6-99B2B64ECEA3}
	EndGlobalSection
EndGlobal
